
Microsoft Visual Studio Solution File, Format Version 12.00
# Visual Studio 15
Project("{FAE04EC0-301F-11D3-BF4B-00C04F79EFBC}") = "Rebirth-2", "Assembly-CSharp.csproj", "{EEB4C430-DC8A-0015-1E4E-05B1A2900823}"
EndProject
Global
	GlobalSection(SolutionConfigurationPlatforms) = preSolution
		Debug|Any CPU = Debug|Any CPU
		Release|Any CPU = Release|Any CPU
	EndGlobalSection
	GlobalSection(ProjectConfigurationPlatforms) = postSolution
		{EEB4C430-DC8A-0015-1E4E-05B1A2900823}.Debug|Any CPU.ActiveCfg = Debug|Any CPU
		{EEB4C430-DC8A-0015-1E4E-05B1A2900823}.Debug|Any CPU.Build.0 = Debug|Any CPU
		{EEB4C430-DC8A-0015-1E4E-05B1A2900823}.Release|Any CPU.ActiveCfg = Release|Any CPU
		{EEB4C430-DC8A-0015-1E4E-05B1A2900823}.Release|Any CPU.Build.0 = Release|Any CPU
	EndGlobalSection
	GlobalSection(SolutionProperties) = preSolution
		HideSolutionNode = FALSE
	EndGlobalSection
EndGlobal
